
Microsoft Visual Studio Solution File, Format Version 12.00
# Visual Studio Version 17
VisualStudioVersion = 17.7.34018.315
MinimumVisualStudioVersion = 10.0.40219.1
Project("{FAE04EC0-301F-11D3-BF4B-00C04F79EFBC}") = "HotelList.API", "HotelList.API\HotelList.API.csproj", "{112A75E2-0505-40A7-AEF5-16A81C905EAA}"
EndProject
Project("{FAE04EC0-301F-11D3-BF4B-00C04F79EFBC}") = "HotelList.Minimal", "HotelList.Minimal\HotelList.Minimal.csproj", "{26797B3D-20B4-414A-A0E3-54CC959BCC63}"
EndProject
Global
	GlobalSection(SolutionConfigurationPlatforms) = preSolution
		Debug|Any CPU = Debug|Any CPU
		Release|Any CPU = Release|Any CPU
	EndGlobalSection
	GlobalSection(ProjectConfigurationPlatforms) = postSolution
		{112A75E2-0505-40A7-AEF5-16A81C905EAA}.Debug|Any CPU.ActiveCfg = Debug|Any CPU
		{112A75E2-0505-40A7-AEF5-16A81C905EAA}.Debug|Any CPU.Build.0 = Debug|Any CPU
		{112A75E2-0505-40A7-AEF5-16A81C905EAA}.Release|Any CPU.ActiveCfg = Release|Any CPU
		{112A75E2-0505-40A7-AEF5-16A81C905EAA}.Release|Any CPU.Build.0 = Release|Any CPU
		{26797B3D-20B4-414A-A0E3-54CC959BCC63}.Debug|Any CPU.ActiveCfg = Debug|Any CPU
		{26797B3D-20B4-414A-A0E3-54CC959BCC63}.Debug|Any CPU.Build.0 = Debug|Any CPU
		{26797B3D-20B4-414A-A0E3-54CC959BCC63}.Release|Any CPU.ActiveCfg = Release|Any CPU
		{26797B3D-20B4-414A-A0E3-54CC959BCC63}.Release|Any CPU.Build.0 = Release|Any CPU
	EndGlobalSection
	GlobalSection(SolutionProperties) = preSolution
		HideSolutionNode = FALSE
	EndGlobalSection
	GlobalSection(ExtensibilityGlobals) = postSolution
		SolutionGuid = {709D829B-119D-4945-8EEC-BC639CC03CFE}
	EndGlobalSection
EndGlobal
